// !$*UTF8*$!
{
	archiveVersion = 1;
	classes = {
	};
	objectVersion = 56;
	objects = {

/* Begin PBXBuildFile section */
		8B5FAF4B21A9F1320B3D8AA2 /* Pods_RickAndMorty_Combine.framework in Frameworks */ = {isa = PBXBuildFile; fileRef = AA2A57303C99229C26991BC4 /* Pods_RickAndMorty_Combine.framework */; };
		B41E543129C2183B00F88DE1 /* SafeUnwrap.swift in Sources */ = {isa = PBXBuildFile; fileRef = B41E543029C2183B00F88DE1 /* SafeUnwrap.swift */; };
		B441B16629C35BB4002FF490 /* CharacterViewController.swift in Sources */ = {isa = PBXBuildFile; fileRef = B441B16529C35BB4002FF490 /* CharacterViewController.swift */; };
		B441B16829C35BC0002FF490 /* CharacterViewModel.swift in Sources */ = {isa = PBXBuildFile; fileRef = B441B16729C35BC0002FF490 /* CharacterViewModel.swift */; };
		B441B16A29C35CFA002FF490 /* EpisodesViewController.swift in Sources */ = {isa = PBXBuildFile; fileRef = B441B16929C35CFA002FF490 /* EpisodesViewController.swift */; };
		B441B16C29C35D02002FF490 /* EpisodeViewModel.swift in Sources */ = {isa = PBXBuildFile; fileRef = B441B16B29C35D02002FF490 /* EpisodeViewModel.swift */; };
		B441B16E29C35E80002FF490 /* LocationsViewController.swift in Sources */ = {isa = PBXBuildFile; fileRef = B441B16D29C35E80002FF490 /* LocationsViewController.swift */; };
		B441B17029C35E94002FF490 /* LocationsViewModel.swift in Sources */ = {isa = PBXBuildFile; fileRef = B441B16F29C35E94002FF490 /* LocationsViewModel.swift */; };
		B441B17229C35F35002FF490 /* ProfileViewController.swift in Sources */ = {isa = PBXBuildFile; fileRef = B441B17129C35F35002FF490 /* ProfileViewController.swift */; };
		B441B17429C35F3E002FF490 /* ProfileViewModel.swift in Sources */ = {isa = PBXBuildFile; fileRef = B441B17329C35F3E002FF490 /* ProfileViewModel.swift */; };
		B441B17629C36ACB002FF490 /* UIColor + Extensions.swift in Sources */ = {isa = PBXBuildFile; fileRef = B441B17529C36ACB002FF490 /* UIColor + Extensions.swift */; };
		B441B17B29C37633002FF490 /* ProfilePhotoCVC.swift in Sources */ = {isa = PBXBuildFile; fileRef = B441B17929C37633002FF490 /* ProfilePhotoCVC.swift */; };
		B441B17C29C37633002FF490 /* ProfilePhotoCVC.xib in Resources */ = {isa = PBXBuildFile; fileRef = B441B17A29C37633002FF490 /* ProfilePhotoCVC.xib */; };
		B441B18029C37BEF002FF490 /* AppearanceCVC.swift in Sources */ = {isa = PBXBuildFile; fileRef = B441B17E29C37BEF002FF490 /* AppearanceCVC.swift */; };
		B441B18129C37BEF002FF490 /* AppearanceCVC.xib in Resources */ = {isa = PBXBuildFile; fileRef = B441B17F29C37BEF002FF490 /* AppearanceCVC.xib */; };
		B441B18429C498CA002FF490 /* AppIconViewController.swift in Sources */ = {isa = PBXBuildFile; fileRef = B441B18329C498CA002FF490 /* AppIconViewController.swift */; };
		B441B18A29C4A624002FF490 /* AppIconTVC.swift in Sources */ = {isa = PBXBuildFile; fileRef = B441B18829C4A624002FF490 /* AppIconTVC.swift */; };
		B441B18B29C4A624002FF490 /* AppIconTVC.xib in Resources */ = {isa = PBXBuildFile; fileRef = B441B18929C4A624002FF490 /* AppIconTVC.xib */; };
		B441B18D29C4B6DA002FF490 /* UIApplication + Extension.swift in Sources */ = {isa = PBXBuildFile; fileRef = B441B18C29C4B6DA002FF490 /* UIApplication + Extension.swift */; };
		B441B18F29C4B817002FF490 /* AppIconManager.swift in Sources */ = {isa = PBXBuildFile; fileRef = B441B18E29C4B817002FF490 /* AppIconManager.swift */; };
		B441B19129C4C071002FF490 /* String + Extension.swift in Sources */ = {isa = PBXBuildFile; fileRef = B441B19029C4C071002FF490 /* String + Extension.swift */; };
		B459F6F529C74205003A2FF2 /* AppConstants.swift in Sources */ = {isa = PBXBuildFile; fileRef = B459F6F429C74205003A2FF2 /* AppConstants.swift */; };
		B459F6F829C74524003A2FF2 /* EditProfileViewController.swift in Sources */ = {isa = PBXBuildFile; fileRef = B459F6F729C74524003A2FF2 /* EditProfileViewController.swift */; };
		B459F6FA29C74576003A2FF2 /* EditProfileViewModel.swift in Sources */ = {isa = PBXBuildFile; fileRef = B459F6F929C74576003A2FF2 /* EditProfileViewModel.swift */; };
		B459F6FC29C7469C003A2FF2 /* UITableView + Extension.swift in Sources */ = {isa = PBXBuildFile; fileRef = B459F6FB29C7469C003A2FF2 /* UITableView + Extension.swift */; };
		B459F70229C747F3003A2FF2 /* PhotoTVC.swift in Sources */ = {isa = PBXBuildFile; fileRef = B459F70029C747F3003A2FF2 /* PhotoTVC.swift */; };
		B459F70329C747F3003A2FF2 /* PhotoTVC.xib in Resources */ = {isa = PBXBuildFile; fileRef = B459F70129C747F3003A2FF2 /* PhotoTVC.xib */; };
		B459F70629C74DA9003A2FF2 /* InfoTVC.swift in Sources */ = {isa = PBXBuildFile; fileRef = B459F70429C74DA9003A2FF2 /* InfoTVC.swift */; };
		B459F70729C74DA9003A2FF2 /* InfoTVC.xib in Resources */ = {isa = PBXBuildFile; fileRef = B459F70529C74DA9003A2FF2 /* InfoTVC.xib */; };
		B459F70B29C76A20003A2FF2 /* UIImage + Extension.swift in Sources */ = {isa = PBXBuildFile; fileRef = B459F70A29C76A20003A2FF2 /* UIImage + Extension.swift */; };
		B464408A29C1FB1B009BCACB /* EpisodeCVC.swift in Sources */ = {isa = PBXBuildFile; fileRef = B464408829C1FB1B009BCACB /* EpisodeCVC.swift */; };
		B464408B29C1FB1B009BCACB /* EpisodeCVC.xib in Resources */ = {isa = PBXBuildFile; fileRef = B464408929C1FB1B009BCACB /* EpisodeCVC.xib */; };
		B464408F29C1FC59009BCACB /* SingleEpisodeCVC.swift in Sources */ = {isa = PBXBuildFile; fileRef = B464408D29C1FC59009BCACB /* SingleEpisodeCVC.swift */; };
		B464409029C1FC59009BCACB /* SingleEpisodeCVC.xib in Resources */ = {isa = PBXBuildFile; fileRef = B464408E29C1FC59009BCACB /* SingleEpisodeCVC.xib */; };
		B464409429C20D24009BCACB /* WelcomeHeader.swift in Sources */ = {isa = PBXBuildFile; fileRef = B464409229C20D24009BCACB /* WelcomeHeader.swift */; };
		B464409529C20D24009BCACB /* WelcomeHeader.xib in Resources */ = {isa = PBXBuildFile; fileRef = B464409329C20D24009BCACB /* WelcomeHeader.xib */; };
		B467F31F29C880F20008E129 /* SearchView.swift in Sources */ = {isa = PBXBuildFile; fileRef = B467F31E29C880F20008E129 /* SearchView.swift */; };
		B4A5760C29C0E61500F33CB9 /* AppDelegate.swift in Sources */ = {isa = PBXBuildFile; fileRef = B4A5760B29C0E61500F33CB9 /* AppDelegate.swift */; };
		B4A5760E29C0E61500F33CB9 /* SceneDelegate.swift in Sources */ = {isa = PBXBuildFile; fileRef = B4A5760D29C0E61500F33CB9 /* SceneDelegate.swift */; };
		B4A5761529C0E61600F33CB9 /* Assets.xcassets in Resources */ = {isa = PBXBuildFile; fileRef = B4A5761429C0E61600F33CB9 /* Assets.xcassets */; };
		B4A5761829C0E61600F33CB9 /* LaunchScreen.storyboard in Resources */ = {isa = PBXBuildFile; fileRef = B4A5761629C0E61600F33CB9 /* LaunchScreen.storyboard */; };
		B4A5762729C0E82700F33CB9 /* NetworkManager.swift in Sources */ = {isa = PBXBuildFile; fileRef = B4A5762629C0E82700F33CB9 /* NetworkManager.swift */; };
		B4A5762929C0E83E00F33CB9 /* RequestModel.swift in Sources */ = {isa = PBXBuildFile; fileRef = B4A5762829C0E83E00F33CB9 /* RequestModel.swift */; };
		B4A5762E29C0E97600F33CB9 /* CharactersRequestModel.swift in Sources */ = {isa = PBXBuildFile; fileRef = B4A5762D29C0E97600F33CB9 /* CharactersRequestModel.swift */; };
		B4A5763029C0EA7B00F33CB9 /* ServiceConstants.swift in Sources */ = {isa = PBXBuildFile; fileRef = B4A5762F29C0EA7B00F33CB9 /* ServiceConstants.swift */; };
		B4A5763429C0EB2E00F33CB9 /* CharactersResponseModel.swift in Sources */ = {isa = PBXBuildFile; fileRef = B4A5763329C0EB2E00F33CB9 /* CharactersResponseModel.swift */; };
		B4A5763629C0EFCD00F33CB9 /* EpisodeRequestModel.swift in Sources */ = {isa = PBXBuildFile; fileRef = B4A5763529C0EFCD00F33CB9 /* EpisodeRequestModel.swift */; };
		B4A5763829C0F0DC00F33CB9 /* EpisodeResponseModel.swift in Sources */ = {isa = PBXBuildFile; fileRef = B4A5763729C0F0DC00F33CB9 /* EpisodeResponseModel.swift */; };
		B4A5763A29C0F1EF00F33CB9 /* LocationRequestModel.swift in Sources */ = {isa = PBXBuildFile; fileRef = B4A5763929C0F1EF00F33CB9 /* LocationRequestModel.swift */; };
		B4A5763C29C0F2BB00F33CB9 /* LocationResponseModel.swift in Sources */ = {isa = PBXBuildFile; fileRef = B4A5763B29C0F2BB00F33CB9 /* LocationResponseModel.swift */; };
		B4A5764629C0F91A00F33CB9 /* BaseVC.swift in Sources */ = {isa = PBXBuildFile; fileRef = B4A5764529C0F91A00F33CB9 /* BaseVC.swift */; };
		B4A5764829C0F92400F33CB9 /* BaseViewModel.swift in Sources */ = {isa = PBXBuildFile; fileRef = B4A5764729C0F92400F33CB9 /* BaseViewModel.swift */; };
		B4A5764A29C0F94700F33CB9 /* BaseTabbarController.swift in Sources */ = {isa = PBXBuildFile; fileRef = B4A5764929C0F94700F33CB9 /* BaseTabbarController.swift */; };
		B4A5764C29C0FA7200F33CB9 /* UIViewController + Extension.swift in Sources */ = {isa = PBXBuildFile; fileRef = B4A5764B29C0FA7200F33CB9 /* UIViewController + Extension.swift */; };
		B4A5765029C0FC1A00F33CB9 /* HomeViewModel.swift in Sources */ = {isa = PBXBuildFile; fileRef = B4A5764F29C0FC1A00F33CB9 /* HomeViewModel.swift */; };
		B4A5765229C0FCA600F33CB9 /* HomeViewController.swift in Sources */ = {isa = PBXBuildFile; fileRef = B4A5765129C0FCA600F33CB9 /* HomeViewController.swift */; };
		B4A5765429C103A700F33CB9 /* UICollectionView + Extensions.swift in Sources */ = {isa = PBXBuildFile; fileRef = B4A5765329C103A700F33CB9 /* UICollectionView + Extensions.swift */; };
		B4A5765829C103C500F33CB9 /* ReusableView.swift in Sources */ = {isa = PBXBuildFile; fileRef = B4A5765729C103C500F33CB9 /* ReusableView.swift */; };
		B4E8CFAC29C1EF410005CDC5 /* CharacterCVC.swift in Sources */ = {isa = PBXBuildFile; fileRef = B4E8CFAA29C1EF410005CDC5 /* CharacterCVC.swift */; };
		B4E8CFAD29C1EF410005CDC5 /* CharacterCVC.xib in Resources */ = {isa = PBXBuildFile; fileRef = B4E8CFAB29C1EF410005CDC5 /* CharacterCVC.xib */; };
		B4E8CFB129C1EFFF0005CDC5 /* SingleCharacterCVC.swift in Sources */ = {isa = PBXBuildFile; fileRef = B4E8CFAF29C1EFFF0005CDC5 /* SingleCharacterCVC.swift */; };
		B4E8CFB229C1EFFF0005CDC5 /* SingleCharacterCVC.xib in Resources */ = {isa = PBXBuildFile; fileRef = B4E8CFB029C1EFFF0005CDC5 /* SingleCharacterCVC.xib */; };
		B4F3BAEC29C8940B002A8815 /* SearchCharactersRequestModel.swift in Sources */ = {isa = PBXBuildFile; fileRef = B4F3BAEB29C8940B002A8815 /* SearchCharactersRequestModel.swift */; };
		B4F3BAF329C8A95E002A8815 /* SearchLocationRequestModel.swift in Sources */ = {isa = PBXBuildFile; fileRef = B4F3BAF229C8A95E002A8815 /* SearchLocationRequestModel.swift */; };
		B4F3BAF729C8AC60002A8815 /* SearchEpisodesRequestModel.swift in Sources */ = {isa = PBXBuildFile; fileRef = B4F3BAF629C8AC60002A8815 /* SearchEpisodesRequestModel.swift */; };
/* End PBXBuildFile section */

/* Begin PBXFileReference section */
		AA2A57303C99229C26991BC4 /* Pods_RickAndMorty_Combine.framework */ = {isa = PBXFileReference; explicitFileType = wrapper.framework; includeInIndex = 0; path = Pods_RickAndMorty_Combine.framework; sourceTree = BUILT_PRODUCTS_DIR; };
		B41E543029C2183B00F88DE1 /* SafeUnwrap.swift */ = {isa = PBXFileReference; lastKnownFileType = sourcecode.swift; path = SafeUnwrap.swift; sourceTree = "<group>"; };
		B441B16529C35BB4002FF490 /* CharacterViewController.swift */ = {isa = PBXFileReference; lastKnownFileType = sourcecode.swift; path = CharacterViewController.swift; sourceTree = "<group>"; };
		B441B16729C35BC0002FF490 /* CharacterViewModel.swift */ = {isa = PBXFileReference; lastKnownFileType = sourcecode.swift; path = CharacterViewModel.swift; sourceTree = "<group>"; };
		B441B16929C35CFA002FF490 /* EpisodesViewController.swift */ = {isa = PBXFileReference; lastKnownFileType = sourcecode.swift; path = EpisodesViewController.swift; sourceTree = "<group>"; };
		B441B16B29C35D02002FF490 /* EpisodeViewModel.swift */ = {isa = PBXFileReference; lastKnownFileType = sourcecode.swift; path = EpisodeViewModel.swift; sourceTree = "<group>"; };
		B441B16D29C35E80002FF490 /* LocationsViewController.swift */ = {isa = PBXFileReference; lastKnownFileType = sourcecode.swift; path = LocationsViewController.swift; sourceTree = "<group>"; };
		B441B16F29C35E94002FF490 /* LocationsViewModel.swift */ = {isa = PBXFileReference; lastKnownFileType = sourcecode.swift; path = LocationsViewModel.swift; sourceTree = "<group>"; };
		B441B17129C35F35002FF490 /* ProfileViewController.swift */ = {isa = PBXFileReference; lastKnownFileType = sourcecode.swift; path = ProfileViewController.swift; sourceTree = "<group>"; };
		B441B17329C35F3E002FF490 /* ProfileViewModel.swift */ = {isa = PBXFileReference; lastKnownFileType = sourcecode.swift; path = ProfileViewModel.swift; sourceTree = "<group>"; };
		B441B17529C36ACB002FF490 /* UIColor + Extensions.swift */ = {isa = PBXFileReference; lastKnownFileType = sourcecode.swift; path = "UIColor + Extensions.swift"; sourceTree = "<group>"; };
		B441B17929C37633002FF490 /* ProfilePhotoCVC.swift */ = {isa = PBXFileReference; lastKnownFileType = sourcecode.swift; path = ProfilePhotoCVC.swift; sourceTree = "<group>"; };
		B441B17A29C37633002FF490 /* ProfilePhotoCVC.xib */ = {isa = PBXFileReference; lastKnownFileType = file.xib; path = ProfilePhotoCVC.xib; sourceTree = "<group>"; };
		B441B17E29C37BEF002FF490 /* AppearanceCVC.swift */ = {isa = PBXFileReference; lastKnownFileType = sourcecode.swift; path = AppearanceCVC.swift; sourceTree = "<group>"; };
		B441B17F29C37BEF002FF490 /* AppearanceCVC.xib */ = {isa = PBXFileReference; lastKnownFileType = file.xib; path = AppearanceCVC.xib; sourceTree = "<group>"; };
		B441B18329C498CA002FF490 /* AppIconViewController.swift */ = {isa = PBXFileReference; lastKnownFileType = sourcecode.swift; path = AppIconViewController.swift; sourceTree = "<group>"; };
		B441B18829C4A624002FF490 /* AppIconTVC.swift */ = {isa = PBXFileReference; lastKnownFileType = sourcecode.swift; path = AppIconTVC.swift; sourceTree = "<group>"; };
		B441B18929C4A624002FF490 /* AppIconTVC.xib */ = {isa = PBXFileReference; lastKnownFileType = file.xib; path = AppIconTVC.xib; sourceTree = "<group>"; };
		B441B18C29C4B6DA002FF490 /* UIApplication + Extension.swift */ = {isa = PBXFileReference; lastKnownFileType = sourcecode.swift; path = "UIApplication + Extension.swift"; sourceTree = "<group>"; };
		B441B18E29C4B817002FF490 /* AppIconManager.swift */ = {isa = PBXFileReference; lastKnownFileType = sourcecode.swift; path = AppIconManager.swift; sourceTree = "<group>"; };
		B441B19029C4C071002FF490 /* String + Extension.swift */ = {isa = PBXFileReference; lastKnownFileType = sourcecode.swift; path = "String + Extension.swift"; sourceTree = "<group>"; };
		B459F6F429C74205003A2FF2 /* AppConstants.swift */ = {isa = PBXFileReference; lastKnownFileType = sourcecode.swift; path = AppConstants.swift; sourceTree = "<group>"; };
		B459F6F729C74524003A2FF2 /* EditProfileViewController.swift */ = {isa = PBXFileReference; lastKnownFileType = sourcecode.swift; path = EditProfileViewController.swift; sourceTree = "<group>"; };
		B459F6F929C74576003A2FF2 /* EditProfileViewModel.swift */ = {isa = PBXFileReference; lastKnownFileType = sourcecode.swift; path = EditProfileViewModel.swift; sourceTree = "<group>"; };
		B459F6FB29C7469C003A2FF2 /* UITableView + Extension.swift */ = {isa = PBXFileReference; lastKnownFileType = sourcecode.swift; path = "UITableView + Extension.swift"; sourceTree = "<group>"; };
		B459F70029C747F3003A2FF2 /* PhotoTVC.swift */ = {isa = PBXFileReference; lastKnownFileType = sourcecode.swift; path = PhotoTVC.swift; sourceTree = "<group>"; };
		B459F70129C747F3003A2FF2 /* PhotoTVC.xib */ = {isa = PBXFileReference; lastKnownFileType = file.xib; path = PhotoTVC.xib; sourceTree = "<group>"; };
		B459F70429C74DA9003A2FF2 /* InfoTVC.swift */ = {isa = PBXFileReference; lastKnownFileType = sourcecode.swift; path = InfoTVC.swift; sourceTree = "<group>"; };
		B459F70529C74DA9003A2FF2 /* InfoTVC.xib */ = {isa = PBXFileReference; lastKnownFileType = file.xib; path = InfoTVC.xib; sourceTree = "<group>"; };
		B459F70A29C76A20003A2FF2 /* UIImage + Extension.swift */ = {isa = PBXFileReference; lastKnownFileType = sourcecode.swift; path = "UIImage + Extension.swift"; sourceTree = "<group>"; };
		B464408829C1FB1B009BCACB /* EpisodeCVC.swift */ = {isa = PBXFileReference; lastKnownFileType = sourcecode.swift; path = EpisodeCVC.swift; sourceTree = "<group>"; };
		B464408929C1FB1B009BCACB /* EpisodeCVC.xib */ = {isa = PBXFileReference; lastKnownFileType = file.xib; path = EpisodeCVC.xib; sourceTree = "<group>"; };
		B464408D29C1FC59009BCACB /* SingleEpisodeCVC.swift */ = {isa = PBXFileReference; lastKnownFileType = sourcecode.swift; path = SingleEpisodeCVC.swift; sourceTree = "<group>"; };
		B464408E29C1FC59009BCACB /* SingleEpisodeCVC.xib */ = {isa = PBXFileReference; lastKnownFileType = file.xib; path = SingleEpisodeCVC.xib; sourceTree = "<group>"; };
		B464409229C20D24009BCACB /* WelcomeHeader.swift */ = {isa = PBXFileReference; lastKnownFileType = sourcecode.swift; path = WelcomeHeader.swift; sourceTree = "<group>"; };
		B464409329C20D24009BCACB /* WelcomeHeader.xib */ = {isa = PBXFileReference; lastKnownFileType = file.xib; path = WelcomeHeader.xib; sourceTree = "<group>"; };
		B467F31E29C880F20008E129 /* SearchView.swift */ = {isa = PBXFileReference; lastKnownFileType = sourcecode.swift; path = SearchView.swift; sourceTree = "<group>"; };
		B4A5760829C0E61500F33CB9 /* RickAndMorty-Combine.app */ = {isa = PBXFileReference; explicitFileType = wrapper.application; includeInIndex = 0; path = "RickAndMorty-Combine.app"; sourceTree = BUILT_PRODUCTS_DIR; };
		B4A5760B29C0E61500F33CB9 /* AppDelegate.swift */ = {isa = PBXFileReference; lastKnownFileType = sourcecode.swift; path = AppDelegate.swift; sourceTree = "<group>"; };
		B4A5760D29C0E61500F33CB9 /* SceneDelegate.swift */ = {isa = PBXFileReference; lastKnownFileType = sourcecode.swift; path = SceneDelegate.swift; sourceTree = "<group>"; };
		B4A5761429C0E61600F33CB9 /* Assets.xcassets */ = {isa = PBXFileReference; lastKnownFileType = folder.assetcatalog; path = Assets.xcassets; sourceTree = "<group>"; };
		B4A5761729C0E61600F33CB9 /* Base */ = {isa = PBXFileReference; lastKnownFileType = file.storyboard; name = Base; path = Base.lproj/LaunchScreen.storyboard; sourceTree = "<group>"; };
		B4A5761929C0E61600F33CB9 /* Info.plist */ = {isa = PBXFileReference; lastKnownFileType = text.plist.xml; path = Info.plist; sourceTree = "<group>"; };
		B4A5762629C0E82700F33CB9 /* NetworkManager.swift */ = {isa = PBXFileReference; lastKnownFileType = sourcecode.swift; path = NetworkManager.swift; sourceTree = "<group>"; };
		B4A5762829C0E83E00F33CB9 /* RequestModel.swift */ = {isa = PBXFileReference; lastKnownFileType = sourcecode.swift; path = RequestModel.swift; sourceTree = "<group>"; };
		B4A5762D29C0E97600F33CB9 /* CharactersRequestModel.swift */ = {isa = PBXFileReference; lastKnownFileType = sourcecode.swift; path = CharactersRequestModel.swift; sourceTree = "<group>"; };
		B4A5762F29C0EA7B00F33CB9 /* ServiceConstants.swift */ = {isa = PBXFileReference; lastKnownFileType = sourcecode.swift; path = ServiceConstants.swift; sourceTree = "<group>"; };
		B4A5763329C0EB2E00F33CB9 /* CharactersResponseModel.swift */ = {isa = PBXFileReference; lastKnownFileType = sourcecode.swift; path = CharactersResponseModel.swift; sourceTree = "<group>"; };
		B4A5763529C0EFCD00F33CB9 /* EpisodeRequestModel.swift */ = {isa = PBXFileReference; lastKnownFileType = sourcecode.swift; path = EpisodeRequestModel.swift; sourceTree = "<group>"; };
		B4A5763729C0F0DC00F33CB9 /* EpisodeResponseModel.swift */ = {isa = PBXFileReference; lastKnownFileType = sourcecode.swift; path = EpisodeResponseModel.swift; sourceTree = "<group>"; };
		B4A5763929C0F1EF00F33CB9 /* LocationRequestModel.swift */ = {isa = PBXFileReference; lastKnownFileType = sourcecode.swift; path = LocationRequestModel.swift; sourceTree = "<group>"; };
		B4A5763B29C0F2BB00F33CB9 /* LocationResponseModel.swift */ = {isa = PBXFileReference; lastKnownFileType = sourcecode.swift; path = LocationResponseModel.swift; sourceTree = "<group>"; };
		B4A5764529C0F91A00F33CB9 /* BaseVC.swift */ = {isa = PBXFileReference; lastKnownFileType = sourcecode.swift; path = BaseVC.swift; sourceTree = "<group>"; };
		B4A5764729C0F92400F33CB9 /* BaseViewModel.swift */ = {isa = PBXFileReference; lastKnownFileType = sourcecode.swift; path = BaseViewModel.swift; sourceTree = "<group>"; };
		B4A5764929C0F94700F33CB9 /* BaseTabbarController.swift */ = {isa = PBXFileReference; lastKnownFileType = sourcecode.swift; path = BaseTabbarController.swift; sourceTree = "<group>"; };
		B4A5764B29C0FA7200F33CB9 /* UIViewController + Extension.swift */ = {isa = PBXFileReference; lastKnownFileType = sourcecode.swift; path = "UIViewController + Extension.swift"; sourceTree = "<group>"; };
		B4A5764F29C0FC1A00F33CB9 /* HomeViewModel.swift */ = {isa = PBXFileReference; lastKnownFileType = sourcecode.swift; path = HomeViewModel.swift; sourceTree = "<group>"; };
		B4A5765129C0FCA600F33CB9 /* HomeViewController.swift */ = {isa = PBXFileReference; lastKnownFileType = sourcecode.swift; path = HomeViewController.swift; sourceTree = "<group>"; };
		B4A5765329C103A700F33CB9 /* UICollectionView + Extensions.swift */ = {isa = PBXFileReference; lastKnownFileType = sourcecode.swift; path = "UICollectionView + Extensions.swift"; sourceTree = "<group>"; };
		B4A5765729C103C500F33CB9 /* ReusableView.swift */ = {isa = PBXFileReference; lastKnownFileType = sourcecode.swift; path = ReusableView.swift; sourceTree = "<group>"; };
		B4E8CFAA29C1EF410005CDC5 /* CharacterCVC.swift */ = {isa = PBXFileReference; lastKnownFileType = sourcecode.swift; path = CharacterCVC.swift; sourceTree = "<group>"; };
		B4E8CFAB29C1EF410005CDC5 /* CharacterCVC.xib */ = {isa = PBXFileReference; lastKnownFileType = file.xib; path = CharacterCVC.xib; sourceTree = "<group>"; };
		B4E8CFAF29C1EFFF0005CDC5 /* SingleCharacterCVC.swift */ = {isa = PBXFileReference; lastKnownFileType = sourcecode.swift; path = SingleCharacterCVC.swift; sourceTree = "<group>"; };
		B4E8CFB029C1EFFF0005CDC5 /* SingleCharacterCVC.xib */ = {isa = PBXFileReference; lastKnownFileType = file.xib; path = SingleCharacterCVC.xib; sourceTree = "<group>"; };
		B4F3BAEB29C8940B002A8815 /* SearchCharactersRequestModel.swift */ = {isa = PBXFileReference; lastKnownFileType = sourcecode.swift; path = SearchCharactersRequestModel.swift; sourceTree = "<group>"; };
		B4F3BAF229C8A95E002A8815 /* SearchLocationRequestModel.swift */ = {isa = PBXFileReference; lastKnownFileType = sourcecode.swift; path = SearchLocationRequestModel.swift; sourceTree = "<group>"; };
		B4F3BAF629C8AC60002A8815 /* SearchEpisodesRequestModel.swift */ = {isa = PBXFileReference; lastKnownFileType = sourcecode.swift; path = SearchEpisodesRequestModel.swift; sourceTree = "<group>"; };
		C7CF6134E7BEE0ECD6D17596 /* Pods-RickAndMorty-Combine.debug.xcconfig */ = {isa = PBXFileReference; includeInIndex = 1; lastKnownFileType = text.xcconfig; name = "Pods-RickAndMorty-Combine.debug.xcconfig"; path = "Target Support Files/Pods-RickAndMorty-Combine/Pods-RickAndMorty-Combine.debug.xcconfig"; sourceTree = "<group>"; };
		DA8960B59FB7FB5445915693 /* Pods-RickAndMorty-Combine.release.xcconfig */ = {isa = PBXFileReference; includeInIndex = 1; lastKnownFileType = text.xcconfig; name = "Pods-RickAndMorty-Combine.release.xcconfig"; path = "Target Support Files/Pods-RickAndMorty-Combine/Pods-RickAndMorty-Combine.release.xcconfig"; sourceTree = "<group>"; };
/* End PBXFileReference section */

/* Begin PBXFrameworksBuildPhase section */
		B4A5760529C0E61500F33CB9 /* Frameworks */ = {
			isa = PBXFrameworksBuildPhase;
			buildActionMask = 2147483647;
			files = (
				8B5FAF4B21A9F1320B3D8AA2 /* Pods_RickAndMorty_Combine.framework in Frameworks */,
			);
			runOnlyForDeploymentPostprocessing = 0;
		};
/* End PBXFrameworksBuildPhase section */

/* Begin PBXGroup section */
		11B99ED342004ECD95BC4EB6 /* Frameworks */ = {
			isa = PBXGroup;
			children = (
				AA2A57303C99229C26991BC4 /* Pods_RickAndMorty_Combine.framework */,
			);
			name = Frameworks;
			sourceTree = "<group>";
		};
		92316E10BA62AB78CF7F994F /* Pods */ = {
			isa = PBXGroup;
			children = (
				C7CF6134E7BEE0ECD6D17596 /* Pods-RickAndMorty-Combine.debug.xcconfig */,
				DA8960B59FB7FB5445915693 /* Pods-RickAndMorty-Combine.release.xcconfig */,
			);
			path = Pods;
			sourceTree = "<group>";
		};
		B441B17729C37607002FF490 /* ProfileCells */ = {
			isa = PBXGroup;
			children = (
				B441B17D29C37BDB002FF490 /* AppearanceCell */,
				B441B17829C3760C002FF490 /* ProfilePhotoCell */,
			);
			path = ProfileCells;
			sourceTree = "<group>";
		};
		B441B17829C3760C002FF490 /* ProfilePhotoCell */ = {
			isa = PBXGroup;
			children = (
				B441B17929C37633002FF490 /* ProfilePhotoCVC.swift */,
				B441B17A29C37633002FF490 /* ProfilePhotoCVC.xib */,
			);
			path = ProfilePhotoCell;
			sourceTree = "<group>";
		};
		B441B17D29C37BDB002FF490 /* AppearanceCell */ = {
			isa = PBXGroup;
			children = (
				B441B17E29C37BEF002FF490 /* AppearanceCVC.swift */,
				B441B17F29C37BEF002FF490 /* AppearanceCVC.xib */,
			);
			path = AppearanceCell;
			sourceTree = "<group>";
		};
		B441B18229C498B2002FF490 /* AppIconVC */ = {
			isa = PBXGroup;
			children = (
				B441B18729C4A611002FF490 /* AppIconCell */,
				B441B18329C498CA002FF490 /* AppIconViewController.swift */,
			);
			path = AppIconVC;
			sourceTree = "<group>";
		};
		B441B18729C4A611002FF490 /* AppIconCell */ = {
			isa = PBXGroup;
			children = (
				B441B18829C4A624002FF490 /* AppIconTVC.swift */,
				B441B18929C4A624002FF490 /* AppIconTVC.xib */,
			);
			path = AppIconCell;
			sourceTree = "<group>";
		};
		B459F6F329C741F5003A2FF2 /* Constants */ = {
			isa = PBXGroup;
			children = (
				B459F6F429C74205003A2FF2 /* AppConstants.swift */,
			);
			path = Constants;
			sourceTree = "<group>";
		};
		B459F6F629C74500003A2FF2 /* EditProfileVC */ = {
			isa = PBXGroup;
			children = (
				B459F6FD29C747C7003A2FF2 /* EditProfileCells */,
				B459F6F729C74524003A2FF2 /* EditProfileViewController.swift */,
				B459F6F929C74576003A2FF2 /* EditProfileViewModel.swift */,
			);
			path = EditProfileVC;
			sourceTree = "<group>";
		};
		B459F6FD29C747C7003A2FF2 /* EditProfileCells */ = {
			isa = PBXGroup;
			children = (
				B459F6FF29C747DB003A2FF2 /* InfoTVC */,
				B459F6FE29C747D2003A2FF2 /* PhotoTVC */,
			);
			path = EditProfileCells;
			sourceTree = "<group>";
		};
		B459F6FE29C747D2003A2FF2 /* PhotoTVC */ = {
			isa = PBXGroup;
			children = (
				B459F70029C747F3003A2FF2 /* PhotoTVC.swift */,
				B459F70129C747F3003A2FF2 /* PhotoTVC.xib */,
			);
			path = PhotoTVC;
			sourceTree = "<group>";
		};
		B459F6FF29C747DB003A2FF2 /* InfoTVC */ = {
			isa = PBXGroup;
			children = (
				B459F70429C74DA9003A2FF2 /* InfoTVC.swift */,
				B459F70529C74DA9003A2FF2 /* InfoTVC.xib */,
			);
			path = InfoTVC;
			sourceTree = "<group>";
		};
		B464408729C1FB08009BCACB /* EpisodeCell */ = {
			isa = PBXGroup;
			children = (
				B464408C29C1FC44009BCACB /* SingleEpisodeCell */,
				B464408829C1FB1B009BCACB /* EpisodeCVC.swift */,
				B464408929C1FB1B009BCACB /* EpisodeCVC.xib */,
			);
			path = EpisodeCell;
			sourceTree = "<group>";
		};
		B464408C29C1FC44009BCACB /* SingleEpisodeCell */ = {
			isa = PBXGroup;
			children = (
				B464408D29C1FC59009BCACB /* SingleEpisodeCVC.swift */,
				B464408E29C1FC59009BCACB /* SingleEpisodeCVC.xib */,
			);
			path = SingleEpisodeCell;
			sourceTree = "<group>";
		};
		B464409129C20D0C009BCACB /* WelcomeHeader */ = {
			isa = PBXGroup;
			children = (
				B464409229C20D24009BCACB /* WelcomeHeader.swift */,
				B464409329C20D24009BCACB /* WelcomeHeader.xib */,
			);
			path = WelcomeHeader;
			sourceTree = "<group>";
		};
		B467F31C29C880D50008E129 /* Components */ = {
			isa = PBXGroup;
			children = (
				B467F31D29C880DF0008E129 /* SearchView */,
			);
			path = Components;
			sourceTree = "<group>";
		};
		B467F31D29C880DF0008E129 /* SearchView */ = {
			isa = PBXGroup;
			children = (
				B467F31E29C880F20008E129 /* SearchView.swift */,
			);
			path = SearchView;
			sourceTree = "<group>";
		};
		B4A575FF29C0E61500F33CB9 = {
			isa = PBXGroup;
			children = (
				B4A5760A29C0E61500F33CB9 /* RickAndMorty-Combine */,
				B4A5760929C0E61500F33CB9 /* Products */,
				92316E10BA62AB78CF7F994F /* Pods */,
				11B99ED342004ECD95BC4EB6 /* Frameworks */,
			);
			sourceTree = "<group>";
		};
		B4A5760929C0E61500F33CB9 /* Products */ = {
			isa = PBXGroup;
			children = (
				B4A5760829C0E61500F33CB9 /* RickAndMorty-Combine.app */,
			);
			name = Products;
			sourceTree = "<group>";
		};
		B4A5760A29C0E61500F33CB9 /* RickAndMorty-Combine */ = {
			isa = PBXGroup;
			children = (
				B4A5762029C0E7CF00F33CB9 /* Application */,
				B4A5761F29C0E7C500F33CB9 /* Network */,
				B467F31C29C880D50008E129 /* Components */,
				B4A5762129C0E7D400F33CB9 /* Utilities */,
				B4A5762229C0E7DB00F33CB9 /* Sources */,
				B4A5761929C0E61600F33CB9 /* Info.plist */,
			);
			path = "RickAndMorty-Combine";
			sourceTree = "<group>";
		};
		B4A5761F29C0E7C500F33CB9 /* Network */ = {
			isa = PBXGroup;
			children = (
				B4A5762529C0E7FD00F33CB9 /* Models */,
				B4A5762629C0E82700F33CB9 /* NetworkManager.swift */,
				B4A5762F29C0EA7B00F33CB9 /* ServiceConstants.swift */,
			);
			path = Network;
			sourceTree = "<group>";
		};
		B4A5762029C0E7CF00F33CB9 /* Application */ = {
			isa = PBXGroup;
			children = (
				B4A5760B29C0E61500F33CB9 /* AppDelegate.swift */,
				B4A5760D29C0E61500F33CB9 /* SceneDelegate.swift */,
				B4A5764429C0F90800F33CB9 /* Base */,
				B4A5763F29C0F8D000F33CB9 /* Home */,
				B4A5764029C0F8DD00F33CB9 /* Characters */,
				B4A5764229C0F8E800F33CB9 /* Episodes */,
				B4A5764129C0F8E200F33CB9 /* Locations */,
				B4A5764329C0F8FE00F33CB9 /* Profile */,
			);
			path = Application;
			sourceTree = "<group>";
		};
		B4A5762129C0E7D400F33CB9 /* Utilities */ = {
			isa = PBXGroup;
			children = (
				B459F6F329C741F5003A2FF2 /* Constants */,
				B4A5762429C0E7F600F33CB9 /* Helpers */,
				B4A5762329C0E7F100F33CB9 /* Extensions */,
			);
			path = Utilities;
			sourceTree = "<group>";
		};
		B4A5762229C0E7DB00F33CB9 /* Sources */ = {
			isa = PBXGroup;
			children = (
				B4A5761429C0E61600F33CB9 /* Assets.xcassets */,
				B4A5761629C0E61600F33CB9 /* LaunchScreen.storyboard */,
			);
			path = Sources;
			sourceTree = "<group>";
		};
		B4A5762329C0E7F100F33CB9 /* Extensions */ = {
			isa = PBXGroup;
			children = (
				B4A5764B29C0FA7200F33CB9 /* UIViewController + Extension.swift */,
				B4A5765329C103A700F33CB9 /* UICollectionView + Extensions.swift */,
				B441B17529C36ACB002FF490 /* UIColor + Extensions.swift */,
				B441B18C29C4B6DA002FF490 /* UIApplication + Extension.swift */,
				B441B19029C4C071002FF490 /* String + Extension.swift */,
				B459F6FB29C7469C003A2FF2 /* UITableView + Extension.swift */,
				B459F70A29C76A20003A2FF2 /* UIImage + Extension.swift */,
			);
			path = Extensions;
			sourceTree = "<group>";
		};
		B4A5762429C0E7F600F33CB9 /* Helpers */ = {
			isa = PBXGroup;
			children = (
				B4A5765729C103C500F33CB9 /* ReusableView.swift */,
				B41E543029C2183B00F88DE1 /* SafeUnwrap.swift */,
				B441B18E29C4B817002FF490 /* AppIconManager.swift */,
			);
			path = Helpers;
			sourceTree = "<group>";
		};
		B4A5762529C0E7FD00F33CB9 /* Models */ = {
			isa = PBXGroup;
			children = (
				B4A5762A29C0E92300F33CB9 /* Characters */,
				B4A5762B29C0E95300F33CB9 /* Episodes */,
				B4A5762C29C0E95800F33CB9 /* Locations */,
				B4A5762829C0E83E00F33CB9 /* RequestModel.swift */,
			);
			path = Models;
			sourceTree = "<group>";
		};
		B4A5762A29C0E92300F33CB9 /* Characters */ = {
			isa = PBXGroup;
			children = (
				B4F3BAEA29C893FA002A8815 /* SearchCharacters */,
				B4F3BAE929C893F4002A8815 /* AllCharacters */,
			);
			path = Characters;
			sourceTree = "<group>";
		};
		B4A5762B29C0E95300F33CB9 /* Episodes */ = {
			isa = PBXGroup;
			children = (
				B4F3BAF529C8AC50002A8815 /* SearchEpisodes */,
				B4F3BAF429C8AC4B002A8815 /* AllEpisodes */,
			);
			path = Episodes;
			sourceTree = "<group>";
		};
		B4A5762C29C0E95800F33CB9 /* Locations */ = {
			isa = PBXGroup;
			children = (
				B4F3BAF129C8A94F002A8815 /* SearchLocation */,
				B4F3BAF029C8A948002A8815 /* AllLocations */,
			);
			path = Locations;
			sourceTree = "<group>";
		};
		B4A5763F29C0F8D000F33CB9 /* Home */ = {
			isa = PBXGroup;
			children = (
				B4A5765E29C1053600F33CB9 /* HomeCells */,
				B4A5765129C0FCA600F33CB9 /* HomeViewController.swift */,
				B4A5764F29C0FC1A00F33CB9 /* HomeViewModel.swift */,
			);
			path = Home;
			sourceTree = "<group>";
		};
		B4A5764029C0F8DD00F33CB9 /* Characters */ = {
			isa = PBXGroup;
			children = (
				B441B16529C35BB4002FF490 /* CharacterViewController.swift */,
				B441B16729C35BC0002FF490 /* CharacterViewModel.swift */,
			);
			path = Characters;
			sourceTree = "<group>";
		};
		B4A5764129C0F8E200F33CB9 /* Locations */ = {
			isa = PBXGroup;
			children = (
				B441B16D29C35E80002FF490 /* LocationsViewController.swift */,
				B441B16F29C35E94002FF490 /* LocationsViewModel.swift */,
			);
			path = Locations;
			sourceTree = "<group>";
		};
		B4A5764229C0F8E800F33CB9 /* Episodes */ = {
			isa = PBXGroup;
			children = (
				B441B16929C35CFA002FF490 /* EpisodesViewController.swift */,
				B441B16B29C35D02002FF490 /* EpisodeViewModel.swift */,
			);
			path = Episodes;
			sourceTree = "<group>";
		};
		B4A5764329C0F8FE00F33CB9 /* Profile */ = {
			isa = PBXGroup;
			children = (
				B459F6F629C74500003A2FF2 /* EditProfileVC */,
				B441B18229C498B2002FF490 /* AppIconVC */,
				B441B17729C37607002FF490 /* ProfileCells */,
				B441B17129C35F35002FF490 /* ProfileViewController.swift */,
				B441B17329C35F3E002FF490 /* ProfileViewModel.swift */,
			);
			path = Profile;
			sourceTree = "<group>";
		};
		B4A5764429C0F90800F33CB9 /* Base */ = {
			isa = PBXGroup;
			children = (
				B4A5764929C0F94700F33CB9 /* BaseTabbarController.swift */,
				B4A5764529C0F91A00F33CB9 /* BaseVC.swift */,
				B4A5764729C0F92400F33CB9 /* BaseViewModel.swift */,
			);
			path = Base;
			sourceTree = "<group>";
		};
		B4A5765E29C1053600F33CB9 /* HomeCells */ = {
			isa = PBXGroup;
			children = (
				B464409129C20D0C009BCACB /* WelcomeHeader */,
				B464408729C1FB08009BCACB /* EpisodeCell */,
				B4A5766829C1EF1800F33CB9 /* CharacterCell */,
			);
			path = HomeCells;
			sourceTree = "<group>";
		};
		B4A5766829C1EF1800F33CB9 /* CharacterCell */ = {
			isa = PBXGroup;
			children = (
				B4E8CFAE29C1EFE30005CDC5 /* SingleCharacterCell */,
				B4E8CFAA29C1EF410005CDC5 /* CharacterCVC.swift */,
				B4E8CFAB29C1EF410005CDC5 /* CharacterCVC.xib */,
			);
			path = CharacterCell;
			sourceTree = "<group>";
		};
		B4E8CFAE29C1EFE30005CDC5 /* SingleCharacterCell */ = {
			isa = PBXGroup;
			children = (
				B4E8CFAF29C1EFFF0005CDC5 /* SingleCharacterCVC.swift */,
				B4E8CFB029C1EFFF0005CDC5 /* SingleCharacterCVC.xib */,
			);
			path = SingleCharacterCell;
			sourceTree = "<group>";
		};
		B4F3BAE929C893F4002A8815 /* AllCharacters */ = {
			isa = PBXGroup;
			children = (
				B4A5762D29C0E97600F33CB9 /* CharactersRequestModel.swift */,
				B4A5763329C0EB2E00F33CB9 /* CharactersResponseModel.swift */,
			);
			path = AllCharacters;
			sourceTree = "<group>";
		};
		B4F3BAEA29C893FA002A8815 /* SearchCharacters */ = {
			isa = PBXGroup;
			children = (
				B4F3BAEB29C8940B002A8815 /* SearchCharactersRequestModel.swift */,
			);
			path = SearchCharacters;
			sourceTree = "<group>";
		};
		B4F3BAF029C8A948002A8815 /* AllLocations */ = {
			isa = PBXGroup;
			children = (
				B4A5763929C0F1EF00F33CB9 /* LocationRequestModel.swift */,
				B4A5763B29C0F2BB00F33CB9 /* LocationResponseModel.swift */,
			);
			path = AllLocations;
			sourceTree = "<group>";
		};
		B4F3BAF129C8A94F002A8815 /* SearchLocation */ = {
			isa = PBXGroup;
			children = (
				B4F3BAF229C8A95E002A8815 /* SearchLocationRequestModel.swift */,
			);
			path = SearchLocation;
			sourceTree = "<group>";
		};
		B4F3BAF429C8AC4B002A8815 /* AllEpisodes */ = {
			isa = PBXGroup;
			children = (
				B4A5763529C0EFCD00F33CB9 /* EpisodeRequestModel.swift */,
				B4A5763729C0F0DC00F33CB9 /* EpisodeResponseModel.swift */,
			);
			path = AllEpisodes;
			sourceTree = "<group>";
		};
		B4F3BAF529C8AC50002A8815 /* SearchEpisodes */ = {
			isa = PBXGroup;
			children = (
				B4F3BAF629C8AC60002A8815 /* SearchEpisodesRequestModel.swift */,
			);
			path = SearchEpisodes;
			sourceTree = "<group>";
		};
/* End PBXGroup section */

/* Begin PBXNativeTarget section */
		B4A5760729C0E61500F33CB9 /* RickAndMorty-Combine */ = {
			isa = PBXNativeTarget;
			buildConfigurationList = B4A5761C29C0E61600F33CB9 /* Build configuration list for PBXNativeTarget "RickAndMorty-Combine" */;
			buildPhases = (
				F4FE85C7AAE8E83930977692 /* [CP] Check Pods Manifest.lock */,
				B4A5760429C0E61500F33CB9 /* Sources */,
				B4A5760529C0E61500F33CB9 /* Frameworks */,
				B4A5760629C0E61500F33CB9 /* Resources */,
				D6B8611B1441E486ED1EAD13 /* [CP] Embed Pods Frameworks */,
			);
			buildRules = (
			);
			dependencies = (
			);
			name = "RickAndMorty-Combine";
			productName = "RickAndMorty-Combine";
			productReference = B4A5760829C0E61500F33CB9 /* RickAndMorty-Combine.app */;
			productType = "com.apple.product-type.application";
		};
/* End PBXNativeTarget section */

/* Begin PBXProject section */
		B4A5760029C0E61500F33CB9 /* Project object */ = {
			isa = PBXProject;
			attributes = {
				BuildIndependentTargetsInParallel = 1;
				LastSwiftUpdateCheck = 1420;
				LastUpgradeCheck = 1420;
				TargetAttributes = {
					B4A5760729C0E61500F33CB9 = {
						CreatedOnToolsVersion = 14.2;
					};
				};
			};
			buildConfigurationList = B4A5760329C0E61500F33CB9 /* Build configuration list for PBXProject "RickAndMorty-Combine" */;
			compatibilityVersion = "Xcode 14.0";
			developmentRegion = en;
			hasScannedForEncodings = 0;
			knownRegions = (
				en,
				Base,
			);
			mainGroup = B4A575FF29C0E61500F33CB9;
			productRefGroup = B4A5760929C0E61500F33CB9 /* Products */;
			projectDirPath = "";
			projectRoot = "";
			targets = (
				B4A5760729C0E61500F33CB9 /* RickAndMorty-Combine */,
			);
		};
/* End PBXProject section */

/* Begin PBXResourcesBuildPhase section */
		B4A5760629C0E61500F33CB9 /* Resources */ = {
			isa = PBXResourcesBuildPhase;
			buildActionMask = 2147483647;
			files = (
				B4A5761829C0E61600F33CB9 /* LaunchScreen.storyboard in Resources */,
				B464409029C1FC59009BCACB /* SingleEpisodeCVC.xib in Resources */,
				B441B18B29C4A624002FF490 /* AppIconTVC.xib in Resources */,
				B441B18129C37BEF002FF490 /* AppearanceCVC.xib in Resources */,
				B4E8CFB229C1EFFF0005CDC5 /* SingleCharacterCVC.xib in Resources */,
				B459F70729C74DA9003A2FF2 /* InfoTVC.xib in Resources */,
				B441B17C29C37633002FF490 /* ProfilePhotoCVC.xib in Resources */,
				B4E8CFAD29C1EF410005CDC5 /* CharacterCVC.xib in Resources */,
				B464408B29C1FB1B009BCACB /* EpisodeCVC.xib in Resources */,
				B459F70329C747F3003A2FF2 /* PhotoTVC.xib in Resources */,
				B4A5761529C0E61600F33CB9 /* Assets.xcassets in Resources */,
				B464409529C20D24009BCACB /* WelcomeHeader.xib in Resources */,
			);
			runOnlyForDeploymentPostprocessing = 0;
		};
/* End PBXResourcesBuildPhase section */

/* Begin PBXShellScriptBuildPhase section */
		D6B8611B1441E486ED1EAD13 /* [CP] Embed Pods Frameworks */ = {
			isa = PBXShellScriptBuildPhase;
			buildActionMask = 2147483647;
			files = (
			);
			inputFileListPaths = (
				"${PODS_ROOT}/Target Support Files/Pods-RickAndMorty-Combine/Pods-RickAndMorty-Combine-frameworks-${CONFIGURATION}-input-files.xcfilelist",
			);
			name = "[CP] Embed Pods Frameworks";
			outputFileListPaths = (
				"${PODS_ROOT}/Target Support Files/Pods-RickAndMorty-Combine/Pods-RickAndMorty-Combine-frameworks-${CONFIGURATION}-output-files.xcfilelist",
			);
			runOnlyForDeploymentPostprocessing = 0;
			shellPath = /bin/sh;
			shellScript = "\"${PODS_ROOT}/Target Support Files/Pods-RickAndMorty-Combine/Pods-RickAndMorty-Combine-frameworks.sh\"\n";
			showEnvVarsInLog = 0;
		};
		F4FE85C7AAE8E83930977692 /* [CP] Check Pods Manifest.lock */ = {
			isa = PBXShellScriptBuildPhase;
			buildActionMask = 2147483647;
			files = (
			);
			inputFileListPaths = (
			);
			inputPaths = (
				"${PODS_PODFILE_DIR_PATH}/Podfile.lock",
				"${PODS_ROOT}/Manifest.lock",
			);
			name = "[CP] Check Pods Manifest.lock";
			outputFileListPaths = (
			);
			outputPaths = (
				"$(DERIVED_FILE_DIR)/Pods-RickAndMorty-Combine-checkManifestLockResult.txt",
			);
			runOnlyForDeploymentPostprocessing = 0;
			shellPath = /bin/sh;
			shellScript = "diff \"${PODS_PODFILE_DIR_PATH}/Podfile.lock\" \"${PODS_ROOT}/Manifest.lock\" > /dev/null\nif [ $? != 0 ] ; then\n    # print error to STDERR\n    echo \"error: The sandbox is not in sync with the Podfile.lock. Run 'pod install' or update your CocoaPods installation.\" >&2\n    exit 1\nfi\n# This output is used by Xcode 'outputs' to avoid re-running this script phase.\necho \"SUCCESS\" > \"${SCRIPT_OUTPUT_FILE_0}\"\n";
			showEnvVarsInLog = 0;
		};
/* End PBXShellScriptBuildPhase section */

/* Begin PBXSourcesBuildPhase section */
		B4A5760429C0E61500F33CB9 /* Sources */ = {
			isa = PBXSourcesBuildPhase;
			buildActionMask = 2147483647;
			files = (
				B459F6FA29C74576003A2FF2 /* EditProfileViewModel.swift in Sources */,
				B464408A29C1FB1B009BCACB /* EpisodeCVC.swift in Sources */,
				B4A5763A29C0F1EF00F33CB9 /* LocationRequestModel.swift in Sources */,
				B441B16A29C35CFA002FF490 /* EpisodesViewController.swift in Sources */,
				B441B17629C36ACB002FF490 /* UIColor + Extensions.swift in Sources */,
				B441B16C29C35D02002FF490 /* EpisodeViewModel.swift in Sources */,
				B4A5765429C103A700F33CB9 /* UICollectionView + Extensions.swift in Sources */,
				B4A5765029C0FC1A00F33CB9 /* HomeViewModel.swift in Sources */,
				B441B17229C35F35002FF490 /* ProfileViewController.swift in Sources */,
				B441B18429C498CA002FF490 /* AppIconViewController.swift in Sources */,
				B4A5763429C0EB2E00F33CB9 /* CharactersResponseModel.swift in Sources */,
				B4A5764A29C0F94700F33CB9 /* BaseTabbarController.swift in Sources */,
				B4A5762929C0E83E00F33CB9 /* RequestModel.swift in Sources */,
				B4A5765229C0FCA600F33CB9 /* HomeViewController.swift in Sources */,
				B4F3BAF729C8AC60002A8815 /* SearchEpisodesRequestModel.swift in Sources */,
				B4A5764829C0F92400F33CB9 /* BaseViewModel.swift in Sources */,
				B441B16E29C35E80002FF490 /* LocationsViewController.swift in Sources */,
				B464409429C20D24009BCACB /* WelcomeHeader.swift in Sources */,
				B441B16829C35BC0002FF490 /* CharacterViewModel.swift in Sources */,
				B4F3BAEC29C8940B002A8815 /* SearchCharactersRequestModel.swift in Sources */,
				B4A5763C29C0F2BB00F33CB9 /* LocationResponseModel.swift in Sources */,
				B41E543129C2183B00F88DE1 /* SafeUnwrap.swift in Sources */,
				B4A5762729C0E82700F33CB9 /* NetworkManager.swift in Sources */,
				B441B17429C35F3E002FF490 /* ProfileViewModel.swift in Sources */,
				B4A5763629C0EFCD00F33CB9 /* EpisodeRequestModel.swift in Sources */,
				B4A5765829C103C500F33CB9 /* ReusableView.swift in Sources */,
				B441B17029C35E94002FF490 /* LocationsViewModel.swift in Sources */,
				B464408F29C1FC59009BCACB /* SingleEpisodeCVC.swift in Sources */,
				B4F3BAF329C8A95E002A8815 /* SearchLocationRequestModel.swift in Sources */,
				B459F6F529C74205003A2FF2 /* AppConstants.swift in Sources */,
				B441B16629C35BB4002FF490 /* CharacterViewController.swift in Sources */,
				B459F6FC29C7469C003A2FF2 /* UITableView + Extension.swift in Sources */,
				B459F70B29C76A20003A2FF2 /* UIImage + Extension.swift in Sources */,
				B459F6F829C74524003A2FF2 /* EditProfileViewController.swift in Sources */,
				B4A5760C29C0E61500F33CB9 /* AppDelegate.swift in Sources */,
				B441B19129C4C071002FF490 /* String + Extension.swift in Sources */,
				B4E8CFAC29C1EF410005CDC5 /* CharacterCVC.swift in Sources */,
				B4A5764C29C0FA7200F33CB9 /* UIViewController + Extension.swift in Sources */,
				B4A5764629C0F91A00F33CB9 /* BaseVC.swift in Sources */,
				B441B18A29C4A624002FF490 /* AppIconTVC.swift in Sources */,
				B459F70229C747F3003A2FF2 /* PhotoTVC.swift in Sources */,
				B467F31F29C880F20008E129 /* SearchView.swift in Sources */,
				B441B18D29C4B6DA002FF490 /* UIApplication + Extension.swift in Sources */,
				B441B17B29C37633002FF490 /* ProfilePhotoCVC.swift in Sources */,
				B441B18029C37BEF002FF490 /* AppearanceCVC.swift in Sources */,
				B459F70629C74DA9003A2FF2 /* InfoTVC.swift in Sources */,
				B4A5763829C0F0DC00F33CB9 /* EpisodeResponseModel.swift in Sources */,
				B4E8CFB129C1EFFF0005CDC5 /* SingleCharacterCVC.swift in Sources */,
				B441B18F29C4B817002FF490 /* AppIconManager.swift in Sources */,
				B4A5760E29C0E61500F33CB9 /* SceneDelegate.swift in Sources */,
				B4A5762E29C0E97600F33CB9 /* CharactersRequestModel.swift in Sources */,
				B4A5763029C0EA7B00F33CB9 /* ServiceConstants.swift in Sources */,
			);
			runOnlyForDeploymentPostprocessing = 0;
		};
/* End PBXSourcesBuildPhase section */

/* Begin PBXVariantGroup section */
		B4A5761629C0E61600F33CB9 /* LaunchScreen.storyboard */ = {
			isa = PBXVariantGroup;
			children = (
				B4A5761729C0E61600F33CB9 /* Base */,
			);
			name = LaunchScreen.storyboard;
			sourceTree = "<group>";
		};
/* End PBXVariantGroup section */

/* Begin XCBuildConfiguration section */
		B4A5761A29C0E61600F33CB9 /* Debug */ = {
			isa = XCBuildConfiguration;
			buildSettings = {
				ALWAYS_SEARCH_USER_PATHS = NO;
				CLANG_ANALYZER_NONNULL = YES;
				CLANG_ANALYZER_NUMBER_OBJECT_CONVERSION = YES_AGGRESSIVE;
				CLANG_CXX_LANGUAGE_STANDARD = "gnu++20";
				CLANG_ENABLE_MODULES = YES;
				CLANG_ENABLE_OBJC_ARC = YES;
				CLANG_ENABLE_OBJC_WEAK = YES;
				CLANG_WARN_BLOCK_CAPTURE_AUTORELEASING = YES;
				CLANG_WARN_BOOL_CONVERSION = YES;
				CLANG_WARN_COMMA = YES;
				CLANG_WARN_CONSTANT_CONVERSION = YES;
				CLANG_WARN_DEPRECATED_OBJC_IMPLEMENTATIONS = YES;
				CLANG_WARN_DIRECT_OBJC_ISA_USAGE = YES_ERROR;
				CLANG_WARN_DOCUMENTATION_COMMENTS = YES;
				CLANG_WARN_EMPTY_BODY = YES;
				CLANG_WARN_ENUM_CONVERSION = YES;
				CLANG_WARN_INFINITE_RECURSION = YES;
				CLANG_WARN_INT_CONVERSION = YES;
				CLANG_WARN_NON_LITERAL_NULL_CONVERSION = YES;
				CLANG_WARN_OBJC_IMPLICIT_RETAIN_SELF = YES;
				CLANG_WARN_OBJC_LITERAL_CONVERSION = YES;
				CLANG_WARN_OBJC_ROOT_CLASS = YES_ERROR;
				CLANG_WARN_QUOTED_INCLUDE_IN_FRAMEWORK_HEADER = YES;
				CLANG_WARN_RANGE_LOOP_ANALYSIS = YES;
				CLANG_WARN_STRICT_PROTOTYPES = YES;
				CLANG_WARN_SUSPICIOUS_MOVE = YES;
				CLANG_WARN_UNGUARDED_AVAILABILITY = YES_AGGRESSIVE;
				CLANG_WARN_UNREACHABLE_CODE = YES;
				CLANG_WARN__DUPLICATE_METHOD_MATCH = YES;
				COPY_PHASE_STRIP = NO;
				DEBUG_INFORMATION_FORMAT = dwarf;
				ENABLE_STRICT_OBJC_MSGSEND = YES;
				ENABLE_TESTABILITY = YES;
				GCC_C_LANGUAGE_STANDARD = gnu11;
				GCC_DYNAMIC_NO_PIC = NO;
				GCC_NO_COMMON_BLOCKS = YES;
				GCC_OPTIMIZATION_LEVEL = 0;
				GCC_PREPROCESSOR_DEFINITIONS = (
					"DEBUG=1",
					"$(inherited)",
				);
				GCC_WARN_64_TO_32_BIT_CONVERSION = YES;
				GCC_WARN_ABOUT_RETURN_TYPE = YES_ERROR;
				GCC_WARN_UNDECLARED_SELECTOR = YES;
				GCC_WARN_UNINITIALIZED_AUTOS = YES_AGGRESSIVE;
				GCC_WARN_UNUSED_FUNCTION = YES;
				GCC_WARN_UNUSED_VARIABLE = YES;
				IPHONEOS_DEPLOYMENT_TARGET = 16.2;
				MTL_ENABLE_DEBUG_INFO = INCLUDE_SOURCE;
				MTL_FAST_MATH = YES;
				ONLY_ACTIVE_ARCH = YES;
				SDKROOT = iphoneos;
				SWIFT_ACTIVE_COMPILATION_CONDITIONS = DEBUG;
				SWIFT_OPTIMIZATION_LEVEL = "-Onone";
			};
			name = Debug;
		};
		B4A5761B29C0E61600F33CB9 /* Release */ = {
			isa = XCBuildConfiguration;
			buildSettings = {
				ALWAYS_SEARCH_USER_PATHS = NO;
				CLANG_ANALYZER_NONNULL = YES;
				CLANG_ANALYZER_NUMBER_OBJECT_CONVERSION = YES_AGGRESSIVE;
				CLANG_CXX_LANGUAGE_STANDARD = "gnu++20";
				CLANG_ENABLE_MODULES = YES;
				CLANG_ENABLE_OBJC_ARC = YES;
				CLANG_ENABLE_OBJC_WEAK = YES;
				CLANG_WARN_BLOCK_CAPTURE_AUTORELEASING = YES;
				CLANG_WARN_BOOL_CONVERSION = YES;
				CLANG_WARN_COMMA = YES;
				CLANG_WARN_CONSTANT_CONVERSION = YES;
				CLANG_WARN_DEPRECATED_OBJC_IMPLEMENTATIONS = YES;
				CLANG_WARN_DIRECT_OBJC_ISA_USAGE = YES_ERROR;
				CLANG_WARN_DOCUMENTATION_COMMENTS = YES;
				CLANG_WARN_EMPTY_BODY = YES;
				CLANG_WARN_ENUM_CONVERSION = YES;
				CLANG_WARN_INFINITE_RECURSION = YES;
				CLANG_WARN_INT_CONVERSION = YES;
				CLANG_WARN_NON_LITERAL_NULL_CONVERSION = YES;
				CLANG_WARN_OBJC_IMPLICIT_RETAIN_SELF = YES;
				CLANG_WARN_OBJC_LITERAL_CONVERSION = YES;
				CLANG_WARN_OBJC_ROOT_CLASS = YES_ERROR;
				CLANG_WARN_QUOTED_INCLUDE_IN_FRAMEWORK_HEADER = YES;
				CLANG_WARN_RANGE_LOOP_ANALYSIS = YES;
				CLANG_WARN_STRICT_PROTOTYPES = YES;
				CLANG_WARN_SUSPICIOUS_MOVE = YES;
				CLANG_WARN_UNGUARDED_AVAILABILITY = YES_AGGRESSIVE;
				CLANG_WARN_UNREACHABLE_CODE = YES;
				CLANG_WARN__DUPLICATE_METHOD_MATCH = YES;
				COPY_PHASE_STRIP = NO;
				DEBUG_INFORMATION_FORMAT = "dwarf-with-dsym";
				ENABLE_NS_ASSERTIONS = NO;
				ENABLE_STRICT_OBJC_MSGSEND = YES;
				GCC_C_LANGUAGE_STANDARD = gnu11;
				GCC_NO_COMMON_BLOCKS = YES;
				GCC_WARN_64_TO_32_BIT_CONVERSION = YES;
				GCC_WARN_ABOUT_RETURN_TYPE = YES_ERROR;
				GCC_WARN_UNDECLARED_SELECTOR = YES;
				GCC_WARN_UNINITIALIZED_AUTOS = YES_AGGRESSIVE;
				GCC_WARN_UNUSED_FUNCTION = YES;
				GCC_WARN_UNUSED_VARIABLE = YES;
				IPHONEOS_DEPLOYMENT_TARGET = 16.2;
				MTL_ENABLE_DEBUG_INFO = NO;
				MTL_FAST_MATH = YES;
				SDKROOT = iphoneos;
				SWIFT_COMPILATION_MODE = wholemodule;
				SWIFT_OPTIMIZATION_LEVEL = "-O";
				VALIDATE_PRODUCT = YES;
			};
			name = Release;
		};
		B4A5761D29C0E61600F33CB9 /* Debug */ = {
			isa = XCBuildConfiguration;
			baseConfigurationReference = C7CF6134E7BEE0ECD6D17596 /* Pods-RickAndMorty-Combine.debug.xcconfig */;
			buildSettings = {
				ASSETCATALOG_COMPILER_APPICON_NAME = AppIcon;
				ASSETCATALOG_COMPILER_GLOBAL_ACCENT_COLOR_NAME = AccentColor;
				ASSETCATALOG_COMPILER_INCLUDE_ALL_APPICON_ASSETS = YES;
				CODE_SIGN_STYLE = Automatic;
				CURRENT_PROJECT_VERSION = 1;
				DEVELOPMENT_TEAM = FKYKQ78NXT;
				GENERATE_INFOPLIST_FILE = YES;
				INFOPLIST_FILE = "RickAndMorty-Combine/Info.plist";
				INFOPLIST_KEY_NSCameraUsageDescription = "$(PRODUCT_NAME) wants to use camera";
				INFOPLIST_KEY_NSPhotoLibraryUsageDescription = "$(PRODUCT_NAME) wants to access photo library";
				INFOPLIST_KEY_UIApplicationSupportsIndirectInputEvents = YES;
				INFOPLIST_KEY_UILaunchStoryboardName = LaunchScreen;
				INFOPLIST_KEY_UIMainStoryboardFile = "";
				INFOPLIST_KEY_UISupportedInterfaceOrientations = UIInterfaceOrientationPortrait;
				INFOPLIST_KEY_UISupportedInterfaceOrientations_iPad = "UIInterfaceOrientationLandscapeLeft UIInterfaceOrientationLandscapeRight UIInterfaceOrientationPortrait UIInterfaceOrientationPortraitUpsideDown";
				IPHONEOS_DEPLOYMENT_TARGET = 14.1;
				LD_RUNPATH_SEARCH_PATHS = (
					"$(inherited)",
					"@executable_path/Frameworks",
				);
				MARKETING_VERSION = 1.0;
				PRODUCT_BUNDLE_IDENTIFIER = "com.gokduman.mert.RickAndMorty-Combine";
				PRODUCT_NAME = "$(TARGET_NAME)";
				SUPPORTED_PLATFORMS = "iphoneos iphonesimulator";
				SUPPORTS_MACCATALYST = NO;
				SUPPORTS_MAC_DESIGNED_FOR_IPHONE_IPAD = NO;
				SWIFT_EMIT_LOC_STRINGS = YES;
				SWIFT_VERSION = 5.0;
				TARGETED_DEVICE_FAMILY = 1;
			};
			name = Debug;
		};
		B4A5761E29C0E61600F33CB9 /* Release */ = {
			isa = XCBuildConfiguration;
			baseConfigurationReference = DA8960B59FB7FB5445915693 /* Pods-RickAndMorty-Combine.release.xcconfig */;
			buildSettings = {
				ASSETCATALOG_COMPILER_APPICON_NAME = AppIcon;
				ASSETCATALOG_COMPILER_GLOBAL_ACCENT_COLOR_NAME = AccentColor;
				ASSETCATALOG_COMPILER_INCLUDE_ALL_APPICON_ASSETS = YES;
				CODE_SIGN_STYLE = Automatic;
				CURRENT_PROJECT_VERSION = 1;
				DEVELOPMENT_TEAM = FKYKQ78NXT;
				GENERATE_INFOPLIST_FILE = YES;
				INFOPLIST_FILE = "RickAndMorty-Combine/Info.plist";
				INFOPLIST_KEY_NSCameraUsageDescription = "$(PRODUCT_NAME) wants to use camera";
				INFOPLIST_KEY_NSPhotoLibraryUsageDescription = "$(PRODUCT_NAME) wants to access photo library";
				INFOPLIST_KEY_UIApplicationSupportsIndirectInputEvents = YES;
				INFOPLIST_KEY_UILaunchStoryboardName = LaunchScreen;
				INFOPLIST_KEY_UIMainStoryboardFile = "";
				INFOPLIST_KEY_UISupportedInterfaceOrientations = UIInterfaceOrientationPortrait;
				INFOPLIST_KEY_UISupportedInterfaceOrientations_iPad = "UIInterfaceOrientationLandscapeLeft UIInterfaceOrientationLandscapeRight UIInterfaceOrientationPortrait UIInterfaceOrientationPortraitUpsideDown";
				IPHONEOS_DEPLOYMENT_TARGET = 14.1;
				LD_RUNPATH_SEARCH_PATHS = (
					"$(inherited)",
					"@executable_path/Frameworks",
				);
				MARKETING_VERSION = 1.0;
				PRODUCT_BUNDLE_IDENTIFIER = "com.gokduman.mert.RickAndMorty-Combine";
				PRODUCT_NAME = "$(TARGET_NAME)";
				SUPPORTED_PLATFORMS = "iphoneos iphonesimulator";
				SUPPORTS_MACCATALYST = NO;
				SUPPORTS_MAC_DESIGNED_FOR_IPHONE_IPAD = NO;
				SWIFT_EMIT_LOC_STRINGS = YES;
				SWIFT_VERSION = 5.0;
				TARGETED_DEVICE_FAMILY = 1;
			};
			name = Release;
		};
/* End XCBuildConfiguration section */

/* Begin XCConfigurationList section */
		B4A5760329C0E61500F33CB9 /* Build configuration list for PBXProject "RickAndMorty-Combine" */ = {
			isa = XCConfigurationList;
			buildConfigurations = (
				B4A5761A29C0E61600F33CB9 /* Debug */,
				B4A5761B29C0E61600F33CB9 /* Release */,
			);
			defaultConfigurationIsVisible = 0;
			defaultConfigurationName = Release;
		};
		B4A5761C29C0E61600F33CB9 /* Build configuration list for PBXNativeTarget "RickAndMorty-Combine" */ = {
			isa = XCConfigurationList;
			buildConfigurations = (
				B4A5761D29C0E61600F33CB9 /* Debug */,
				B4A5761E29C0E61600F33CB9 /* Release */,
			);
			defaultConfigurationIsVisible = 0;
			defaultConfigurationName = Release;
		};
/* End XCConfigurationList section */
	};
	rootObject = B4A5760029C0E61500F33CB9 /* Project object */;
}
